
Microsoft Visual Studio Solution File, Format Version 12.00
# Visual Studio Version 17
VisualStudioVersion = 17.0.32112.339
MinimumVisualStudioVersion = 10.0.40219.1
Project("{2150E333-8FDC-42A3-9474-1A3956D46DE8}") = "0.Solution Items", "0.Solution Items", "{662E0B8E-F23E-4C7D-80BD-CAA5707503CC}"
	ProjectSection(SolutionItems) = preProject
		.editorconfig = .editorconfig
	EndProjectSection
EndProject
Project("{2150E333-8FDC-42A3-9474-1A3956D46DE8}") = "Plugins", "Plugins", "{76F70D22-8D53-468E-A3B6-1704666A1D71}"
EndProject
Project("{2150E333-8FDC-42A3-9474-1A3956D46DE8}") = "Base", "Base", "{6D6F99AC-F8F6-49B8-9993-103CFF46229D}"
EndProject
Project("{9A19103F-16F7-4668-BE54-9A1E7A4F7556}") = "Ooph.Web.Core", "Admin.NET.Web.Core\Ooph.Web.Core.csproj", "{6D7FE693-1E3E-4891-8C67-9D1E1B3B5FFA}"
EndProject
Project("{9A19103F-16F7-4668-BE54-9A1E7A4F7556}") = "Ooph.Web.Entry", "Admin.NET.Web.Entry\Ooph.Web.Entry.csproj", "{7AF64894-EDBA-4C44-A13A-ADA7ED03BE7D}"
EndProject
Project("{9A19103F-16F7-4668-BE54-9A1E7A4F7556}") = "Ooph.Core", "Admin.NET.Core\Ooph.Core.csproj", "{BDC3FD53-82C7-4461-A7D5-9C43A4D8662E}"
EndProject
Project("{2150E333-8FDC-42A3-9474-1A3956D46DE8}") = "0.不要动", "0.不要动", "{BCD49A5D-AC7A-4C67-B3AC-141877208136}"
EndProject
Project("{9A19103F-16F7-4668-BE54-9A1E7A4F7556}") = "Ooph.AppBackground", "Plugins\Ooph.AppBackground\Ooph.AppBackground.csproj", "{AB7A9CB0-D99F-4479-8392-3EC491884733}"
EndProject
Project("{9A19103F-16F7-4668-BE54-9A1E7A4F7556}") = "Ooph.AppFront", "Plugins\Ooph.AppFront\Ooph.AppFront.csproj", "{77A80B00-5134-4174-91FC-33501F346B1F}"
EndProject
Project("{9A19103F-16F7-4668-BE54-9A1E7A4F7556}") = "Ooph.Worker", "Plugins\Ooph.Worker\Ooph.Worker.csproj", "{C9D0AE59-E041-430D-BAC5-BA87CF58B715}"
EndProject
Project("{9A19103F-16F7-4668-BE54-9A1E7A4F7556}") = "Ooph.MergePay", "Plugins\Ooph.MergePay\Ooph.MergePay.csproj", "{7C6EFB39-47A8-402A-BCAC-BFB091553B8E}"
EndProject
Project("{9A19103F-16F7-4668-BE54-9A1E7A4F7556}") = "Ooph.MergePart3Game", "Plugins\Ooph.MergePart3Games\Ooph.MergePart3Game\Ooph.MergePart3Game.csproj", "{F18C1B5A-B349-47D6-980B-6C6764EB5936}"
EndProject
Project("{2150E333-8FDC-42A3-9474-1A3956D46DE8}") = "三方游戏", "三方游戏", "{22983A2A-0AFF-41E1-A1AD-4C1C59877709}"
EndProject
Project("{2150E333-8FDC-42A3-9474-1A3956D46DE8}") = "三方支付", "三方支付", "{D6540FE5-03EF-42BF-B69E-55A9F9FB5142}"
EndProject
Project("{9A19103F-16F7-4668-BE54-9A1E7A4F7556}") = "Ooph.Database", "Ooph.Database\Ooph.Database.csproj", "{891C3A41-9416-49BD-918D-07083B169018}"
EndProject
Project("{9A19103F-16F7-4668-BE54-9A1E7A4F7556}") = "Ooph.MergePart3Game.Models", "Plugins\Ooph.MergePart3Games\Ooph.MergePart3Game.Models\Ooph.MergePart3Game.Models.csproj", "{8848C2DE-E23B-458D-9B18-9AACDDBB9D71}"
EndProject
Project("{2150E333-8FDC-42A3-9474-1A3956D46DE8}") = "Games", "Games", "{C009B5D2-4B3B-4ED0-93F6-244DAA4AFFFC}"
EndProject
Project("{9A19103F-16F7-4668-BE54-9A1E7A4F7556}") = "Ooph.IMergePart3Game", "Plugins\Ooph.MergePart3Games\Ooph.IMergePart3Game\Ooph.IMergePart3Game.csproj", "{15CD6D2E-29CA-4102-B5B0-DDB9642E878B}"
EndProject
Project("{9A19103F-16F7-4668-BE54-9A1E7A4F7556}") = "Ooph.MergePart3Game.GameJiLi", "Plugins\Ooph.MergePart3Games\Games\GameJiLi\Ooph.MergePart3Game.GameJiLi\Ooph.MergePart3Game.GameJiLi.csproj", "{8DEC31C1-AE6F-461A-8670-FD219E6ED418}"
EndProject
Project("{2150E333-8FDC-42A3-9474-1A3956D46DE8}") = "Game-JiLi [吉利]", "Game-JiLi [吉利]", "{110FF2D8-61B4-4ABF-AAD2-0D748130FA19}"
EndProject
Project("{2150E333-8FDC-42A3-9474-1A3956D46DE8}") = "Game-CQ9", "Game-CQ9", "{03E33175-7482-409E-AA01-D7E3A4AAECA1}"
EndProject
Project("{9A19103F-16F7-4668-BE54-9A1E7A4F7556}") = "Ooph.MergePart3Game.GameCQ9", "Plugins\Ooph.MergePart3Games\Games\GameCQ9\Ooph.MergePart3Game.GameJiLi\Ooph.MergePart3Game.GameCQ9.csproj", "{1B1E14BE-C0A3-49E6-9909-35B0E8BE7A85}"
EndProject
Project("{9A19103F-16F7-4668-BE54-9A1E7A4F7556}") = "Ooph.ICore", "Ooph.ICore\Ooph.ICore.csproj", "{2EE30DFA-FD59-4D5F-A23D-8FB3E502BC24}"
EndProject
Project("{9A19103F-16F7-4668-BE54-9A1E7A4F7556}") = "Ooph.MergePart3Game.TestGames", "Plugins\Ooph.MergePart3Games\Games.Test\Ooph.MergePart3Game.TestGames.csproj", "{DF66B113-A56F-427C-8742-4668C1892EC1}"
EndProject
Project("{2150E333-8FDC-42A3-9474-1A3956D46DE8}") = "多语言", "多语言", "{A66285ED-19BE-46D4-97A9-10A7ABAA4C66}"
EndProject
Project("{9A19103F-16F7-4668-BE54-9A1E7A4F7556}") = "Ooph.Localization", "Plugins\Ooph.Localization\Ooph.Localization.csproj", "{896536B9-D872-4CA3-9CE2-7E6F5E6B382B}"
EndProject
Global
	GlobalSection(SolutionConfigurationPlatforms) = preSolution
		Debug|Any CPU = Debug|Any CPU
		Release|Any CPU = Release|Any CPU
	EndGlobalSection
	GlobalSection(ProjectConfigurationPlatforms) = postSolution
		{6D7FE693-1E3E-4891-8C67-9D1E1B3B5FFA}.Debug|Any CPU.ActiveCfg = Debug|Any CPU
		{6D7FE693-1E3E-4891-8C67-9D1E1B3B5FFA}.Debug|Any CPU.Build.0 = Debug|Any CPU
		{6D7FE693-1E3E-4891-8C67-9D1E1B3B5FFA}.Release|Any CPU.ActiveCfg = Release|Any CPU
		{6D7FE693-1E3E-4891-8C67-9D1E1B3B5FFA}.Release|Any CPU.Build.0 = Release|Any CPU
		{7AF64894-EDBA-4C44-A13A-ADA7ED03BE7D}.Debug|Any CPU.ActiveCfg = Debug|Any CPU
		{7AF64894-EDBA-4C44-A13A-ADA7ED03BE7D}.Debug|Any CPU.Build.0 = Debug|Any CPU
		{7AF64894-EDBA-4C44-A13A-ADA7ED03BE7D}.Release|Any CPU.ActiveCfg = Release|Any CPU
		{7AF64894-EDBA-4C44-A13A-ADA7ED03BE7D}.Release|Any CPU.Build.0 = Release|Any CPU
		{BDC3FD53-82C7-4461-A7D5-9C43A4D8662E}.Debug|Any CPU.ActiveCfg = Debug|Any CPU
		{BDC3FD53-82C7-4461-A7D5-9C43A4D8662E}.Debug|Any CPU.Build.0 = Debug|Any CPU
		{BDC3FD53-82C7-4461-A7D5-9C43A4D8662E}.Release|Any CPU.ActiveCfg = Release|Any CPU
		{BDC3FD53-82C7-4461-A7D5-9C43A4D8662E}.Release|Any CPU.Build.0 = Release|Any CPU
		{AB7A9CB0-D99F-4479-8392-3EC491884733}.Debug|Any CPU.ActiveCfg = Debug|Any CPU
		{AB7A9CB0-D99F-4479-8392-3EC491884733}.Debug|Any CPU.Build.0 = Debug|Any CPU
		{AB7A9CB0-D99F-4479-8392-3EC491884733}.Release|Any CPU.ActiveCfg = Release|Any CPU
		{AB7A9CB0-D99F-4479-8392-3EC491884733}.Release|Any CPU.Build.0 = Release|Any CPU
		{77A80B00-5134-4174-91FC-33501F346B1F}.Debug|Any CPU.ActiveCfg = Debug|Any CPU
		{77A80B00-5134-4174-91FC-33501F346B1F}.Debug|Any CPU.Build.0 = Debug|Any CPU
		{77A80B00-5134-4174-91FC-33501F346B1F}.Release|Any CPU.ActiveCfg = Release|Any CPU
		{77A80B00-5134-4174-91FC-33501F346B1F}.Release|Any CPU.Build.0 = Release|Any CPU
		{C9D0AE59-E041-430D-BAC5-BA87CF58B715}.Debug|Any CPU.ActiveCfg = Debug|Any CPU
		{C9D0AE59-E041-430D-BAC5-BA87CF58B715}.Debug|Any CPU.Build.0 = Debug|Any CPU
		{C9D0AE59-E041-430D-BAC5-BA87CF58B715}.Release|Any CPU.ActiveCfg = Release|Any CPU
		{C9D0AE59-E041-430D-BAC5-BA87CF58B715}.Release|Any CPU.Build.0 = Release|Any CPU
		{7C6EFB39-47A8-402A-BCAC-BFB091553B8E}.Debug|Any CPU.ActiveCfg = Debug|Any CPU
		{7C6EFB39-47A8-402A-BCAC-BFB091553B8E}.Debug|Any CPU.Build.0 = Debug|Any CPU
		{7C6EFB39-47A8-402A-BCAC-BFB091553B8E}.Release|Any CPU.ActiveCfg = Release|Any CPU
		{7C6EFB39-47A8-402A-BCAC-BFB091553B8E}.Release|Any CPU.Build.0 = Release|Any CPU
		{F18C1B5A-B349-47D6-980B-6C6764EB5936}.Debug|Any CPU.ActiveCfg = Debug|Any CPU
		{F18C1B5A-B349-47D6-980B-6C6764EB5936}.Debug|Any CPU.Build.0 = Debug|Any CPU
		{F18C1B5A-B349-47D6-980B-6C6764EB5936}.Release|Any CPU.ActiveCfg = Release|Any CPU
		{F18C1B5A-B349-47D6-980B-6C6764EB5936}.Release|Any CPU.Build.0 = Release|Any CPU
		{891C3A41-9416-49BD-918D-07083B169018}.Debug|Any CPU.ActiveCfg = Debug|Any CPU
		{891C3A41-9416-49BD-918D-07083B169018}.Debug|Any CPU.Build.0 = Debug|Any CPU
		{891C3A41-9416-49BD-918D-07083B169018}.Release|Any CPU.ActiveCfg = Release|Any CPU
		{891C3A41-9416-49BD-918D-07083B169018}.Release|Any CPU.Build.0 = Release|Any CPU
		{8848C2DE-E23B-458D-9B18-9AACDDBB9D71}.Debug|Any CPU.ActiveCfg = Debug|Any CPU
		{8848C2DE-E23B-458D-9B18-9AACDDBB9D71}.Debug|Any CPU.Build.0 = Debug|Any CPU
		{8848C2DE-E23B-458D-9B18-9AACDDBB9D71}.Release|Any CPU.ActiveCfg = Release|Any CPU
		{8848C2DE-E23B-458D-9B18-9AACDDBB9D71}.Release|Any CPU.Build.0 = Release|Any CPU
		{15CD6D2E-29CA-4102-B5B0-DDB9642E878B}.Debug|Any CPU.ActiveCfg = Debug|Any CPU
		{15CD6D2E-29CA-4102-B5B0-DDB9642E878B}.Debug|Any CPU.Build.0 = Debug|Any CPU
		{15CD6D2E-29CA-4102-B5B0-DDB9642E878B}.Release|Any CPU.ActiveCfg = Release|Any CPU
		{15CD6D2E-29CA-4102-B5B0-DDB9642E878B}.Release|Any CPU.Build.0 = Release|Any CPU
		{8DEC31C1-AE6F-461A-8670-FD219E6ED418}.Debug|Any CPU.ActiveCfg = Debug|Any CPU
		{8DEC31C1-AE6F-461A-8670-FD219E6ED418}.Debug|Any CPU.Build.0 = Debug|Any CPU
		{8DEC31C1-AE6F-461A-8670-FD219E6ED418}.Release|Any CPU.ActiveCfg = Release|Any CPU
		{8DEC31C1-AE6F-461A-8670-FD219E6ED418}.Release|Any CPU.Build.0 = Release|Any CPU
		{1B1E14BE-C0A3-49E6-9909-35B0E8BE7A85}.Debug|Any CPU.ActiveCfg = Debug|Any CPU
		{1B1E14BE-C0A3-49E6-9909-35B0E8BE7A85}.Debug|Any CPU.Build.0 = Debug|Any CPU
		{1B1E14BE-C0A3-49E6-9909-35B0E8BE7A85}.Release|Any CPU.ActiveCfg = Release|Any CPU
		{1B1E14BE-C0A3-49E6-9909-35B0E8BE7A85}.Release|Any CPU.Build.0 = Release|Any CPU
		{2EE30DFA-FD59-4D5F-A23D-8FB3E502BC24}.Debug|Any CPU.ActiveCfg = Debug|Any CPU
		{2EE30DFA-FD59-4D5F-A23D-8FB3E502BC24}.Debug|Any CPU.Build.0 = Debug|Any CPU
		{2EE30DFA-FD59-4D5F-A23D-8FB3E502BC24}.Release|Any CPU.ActiveCfg = Release|Any CPU
		{2EE30DFA-FD59-4D5F-A23D-8FB3E502BC24}.Release|Any CPU.Build.0 = Release|Any CPU
		{DF66B113-A56F-427C-8742-4668C1892EC1}.Debug|Any CPU.ActiveCfg = Debug|Any CPU
		{DF66B113-A56F-427C-8742-4668C1892EC1}.Debug|Any CPU.Build.0 = Debug|Any CPU
		{DF66B113-A56F-427C-8742-4668C1892EC1}.Release|Any CPU.ActiveCfg = Release|Any CPU
		{DF66B113-A56F-427C-8742-4668C1892EC1}.Release|Any CPU.Build.0 = Release|Any CPU
		{896536B9-D872-4CA3-9CE2-7E6F5E6B382B}.Debug|Any CPU.ActiveCfg = Debug|Any CPU
		{896536B9-D872-4CA3-9CE2-7E6F5E6B382B}.Debug|Any CPU.Build.0 = Debug|Any CPU
		{896536B9-D872-4CA3-9CE2-7E6F5E6B382B}.Release|Any CPU.ActiveCfg = Release|Any CPU
		{896536B9-D872-4CA3-9CE2-7E6F5E6B382B}.Release|Any CPU.Build.0 = Release|Any CPU
	EndGlobalSection
	GlobalSection(SolutionProperties) = preSolution
		HideSolutionNode = FALSE
	EndGlobalSection
	GlobalSection(NestedProjects) = preSolution
		{6D7FE693-1E3E-4891-8C67-9D1E1B3B5FFA} = {BCD49A5D-AC7A-4C67-B3AC-141877208136}
		{7AF64894-EDBA-4C44-A13A-ADA7ED03BE7D} = {6D6F99AC-F8F6-49B8-9993-103CFF46229D}
		{BDC3FD53-82C7-4461-A7D5-9C43A4D8662E} = {BCD49A5D-AC7A-4C67-B3AC-141877208136}
		{AB7A9CB0-D99F-4479-8392-3EC491884733} = {76F70D22-8D53-468E-A3B6-1704666A1D71}
		{77A80B00-5134-4174-91FC-33501F346B1F} = {76F70D22-8D53-468E-A3B6-1704666A1D71}
		{C9D0AE59-E041-430D-BAC5-BA87CF58B715} = {76F70D22-8D53-468E-A3B6-1704666A1D71}
		{7C6EFB39-47A8-402A-BCAC-BFB091553B8E} = {D6540FE5-03EF-42BF-B69E-55A9F9FB5142}
		{F18C1B5A-B349-47D6-980B-6C6764EB5936} = {22983A2A-0AFF-41E1-A1AD-4C1C59877709}
		{22983A2A-0AFF-41E1-A1AD-4C1C59877709} = {76F70D22-8D53-468E-A3B6-1704666A1D71}
		{D6540FE5-03EF-42BF-B69E-55A9F9FB5142} = {76F70D22-8D53-468E-A3B6-1704666A1D71}
		{891C3A41-9416-49BD-918D-07083B169018} = {6D6F99AC-F8F6-49B8-9993-103CFF46229D}
		{8848C2DE-E23B-458D-9B18-9AACDDBB9D71} = {22983A2A-0AFF-41E1-A1AD-4C1C59877709}
		{C009B5D2-4B3B-4ED0-93F6-244DAA4AFFFC} = {22983A2A-0AFF-41E1-A1AD-4C1C59877709}
		{15CD6D2E-29CA-4102-B5B0-DDB9642E878B} = {22983A2A-0AFF-41E1-A1AD-4C1C59877709}
		{8DEC31C1-AE6F-461A-8670-FD219E6ED418} = {110FF2D8-61B4-4ABF-AAD2-0D748130FA19}
		{110FF2D8-61B4-4ABF-AAD2-0D748130FA19} = {C009B5D2-4B3B-4ED0-93F6-244DAA4AFFFC}
		{03E33175-7482-409E-AA01-D7E3A4AAECA1} = {C009B5D2-4B3B-4ED0-93F6-244DAA4AFFFC}
		{1B1E14BE-C0A3-49E6-9909-35B0E8BE7A85} = {03E33175-7482-409E-AA01-D7E3A4AAECA1}
		{2EE30DFA-FD59-4D5F-A23D-8FB3E502BC24} = {BCD49A5D-AC7A-4C67-B3AC-141877208136}
		{DF66B113-A56F-427C-8742-4668C1892EC1} = {C009B5D2-4B3B-4ED0-93F6-244DAA4AFFFC}
		{A66285ED-19BE-46D4-97A9-10A7ABAA4C66} = {76F70D22-8D53-468E-A3B6-1704666A1D71}
		{896536B9-D872-4CA3-9CE2-7E6F5E6B382B} = {A66285ED-19BE-46D4-97A9-10A7ABAA4C66}
	EndGlobalSection
	GlobalSection(ExtensibilityGlobals) = postSolution
		SolutionGuid = {5CD801D7-984A-4F5C-8FA2-211B7A5EA9F3}
	EndGlobalSection
EndGlobal
